
Microsoft Visual Studio Solution File, Format Version 12.00
# Visual Studio Version 16
VisualStudioVersion = 16.0.31129.286
MinimumVisualStudioVersion = 10.0.40219.1
Project("{8BC9CEB8-8B4A-11D0-8D11-00A0C91BC942}") = "CC2_FlSh", "CC2_FlSh.vcxproj", "{97089465-CBEF-4817-8B80-C6D16E0963F6}"
EndProject
Global
	GlobalSection(SolutionConfigurationPlatforms) = preSolution
		Debug|x64 = Debug|x64
		Debug|x86 = Debug|x86
		Release|x64 = Release|x64
		Release|x86 = Release|x86
	EndGlobalSection
	GlobalSection(ProjectConfigurationPlatforms) = postSolution
		{97089465-CBEF-4817-8B80-C6D16E0963F6}.Debug|x64.ActiveCfg = Debug|x64
		{97089465-CBEF-4817-8B80-C6D16E0963F6}.Debug|x64.Build.0 = Debug|x64
		{97089465-CBEF-4817-8B80-C6D16E0963F6}.Debug|x86.ActiveCfg = Debug|Win32
		{97089465-CBEF-4817-8B80-C6D16E0963F6}.Debug|x86.Build.0 = Debug|Win32
		{97089465-CBEF-4817-8B80-C6D16E0963F6}.Release|x64.ActiveCfg = Release|x64
		{97089465-CBEF-4817-8B80-C6D16E0963F6}.Release|x64.Build.0 = Release|x64
		{97089465-CBEF-4817-8B80-C6D16E0963F6}.Release|x86.ActiveCfg = Release|Win32
		{97089465-CBEF-4817-8B80-C6D16E0963F6}.Release|x86.Build.0 = Release|Win32
	EndGlobalSection
	GlobalSection(SolutionProperties) = preSolution
		HideSolutionNode = FALSE
	EndGlobalSection
	GlobalSection(ExtensibilityGlobals) = postSolution
		SolutionGuid = {E0817750-D709-4FFD-BCF5-83472D0990A6}
	EndGlobalSection
EndGlobal
